// !$*UTF8*$!
{
	archiveVersion = 1;
	classes = {
	};
	objectVersion = 46;
	objects = {

/* Begin PBXBuildFile section */
		A75976531D521A8B00DCCA8F /* AppDelegate.swift in Sources */ = {isa = PBXBuildFile; fileRef = A75976521D521A8B00DCCA8F /* AppDelegate.swift */; };
		A75976551D521A8B00DCCA8F /* ViewController.swift in Sources */ = {isa = PBXBuildFile; fileRef = A75976541D521A8B00DCCA8F /* ViewController.swift */; };
		A75976581D521A8B00DCCA8F /* Main.storyboard in Resources */ = {isa = PBXBuildFile; fileRef = A75976561D521A8B00DCCA8F /* Main.storyboard */; };
		A759765A1D521A8B00DCCA8F /* Assets.xcassets in Resources */ = {isa = PBXBuildFile; fileRef = A75976591D521A8B00DCCA8F /* Assets.xcassets */; };
		A759765D1D521A8B00DCCA8F /* LaunchScreen.storyboard in Resources */ = {isa = PBXBuildFile; fileRef = A759765B1D521A8B00DCCA8F /* LaunchScreen.storyboard */; };
		A75976681D521AC600DCCA8F /* Menu.swift in Sources */ = {isa = PBXBuildFile; fileRef = A75976651D521AC600DCCA8F /* Menu.swift */; };
		A75976691D521AC600DCCA8F /* MenuView.swift in Sources */ = {isa = PBXBuildFile; fileRef = A75976661D521AC600DCCA8F /* MenuView.swift */; };
		A759766A1D521AC600DCCA8F /* ScrollMenu.swift in Sources */ = {isa = PBXBuildFile; fileRef = A75976671D521AC600DCCA8F /* ScrollMenu.swift */; };
/* End PBXBuildFile section */

/* Begin PBXFileReference section */
		A759764F1D521A8B00DCCA8F /* Demo.app */ = {isa = PBXFileReference; explicitFileType = wrapper.application; includeInIndex = 0; path = Demo.app; sourceTree = BUILT_PRODUCTS_DIR; };
		A75976521D521A8B00DCCA8F /* AppDelegate.swift */ = {isa = PBXFileReference; lastKnownFileType = sourcecode.swift; path = AppDelegate.swift; sourceTree = "<group>"; };
		A75976541D521A8B00DCCA8F /* ViewController.swift */ = {isa = PBXFileReference; lastKnownFileType = sourcecode.swift; path = ViewController.swift; sourceTree = "<group>"; };
		A75976571D521A8B00DCCA8F /* Base */ = {isa = PBXFileReference; lastKnownFileType = file.storyboard; name = Base; path = Base.lproj/Main.storyboard; sourceTree = "<group>"; };
		A75976591D521A8B00DCCA8F /* Assets.xcassets */ = {isa = PBXFileReference; lastKnownFileType = folder.assetcatalog; path = Assets.xcassets; sourceTree = "<group>"; };
		A759765C1D521A8B00DCCA8F /* Base */ = {isa = PBXFileReference; lastKnownFileType = file.storyboard; name = Base; path = Base.lproj/LaunchScreen.storyboard; sourceTree = "<group>"; };
		A759765E1D521A8B00DCCA8F /* Info.plist */ = {isa = PBXFileReference; lastKnownFileType = text.plist.xml; path = Info.plist; sourceTree = "<group>"; };
		A75976651D521AC600DCCA8F /* Menu.swift */ = {isa = PBXFileReference; fileEncoding = 4; lastKnownFileType = sourcecode.swift; name = Menu.swift; path = ../../ScrollMenu/Menu.swift; sourceTree = "<group>"; };
		A75976661D521AC600DCCA8F /* MenuView.swift */ = {isa = PBXFileReference; fileEncoding = 4; lastKnownFileType = sourcecode.swift; name = MenuView.swift; path = ../../ScrollMenu/MenuView.swift; sourceTree = "<group>"; };
		A75976671D521AC600DCCA8F /* ScrollMenu.swift */ = {isa = PBXFileReference; fileEncoding = 4; lastKnownFileType = sourcecode.swift; name = ScrollMenu.swift; path = ../../ScrollMenu/ScrollMenu.swift; sourceTree = "<group>"; };
/* End PBXFileReference section */

/* Begin PBXFrameworksBuildPhase section */
		A759764C1D521A8B00DCCA8F /* Frameworks */ = {
			isa = PBXFrameworksBuildPhase;
			buildActionMask = 2147483647;
			files = (
			);
			runOnlyForDeploymentPostprocessing = 0;
		};
/* End PBXFrameworksBuildPhase section */

/* Begin PBXGroup section */
		A75976461D521A8B00DCCA8F = {
			isa = PBXGroup;
			children = (
				A75976511D521A8B00DCCA8F /* Demo */,
				A75976501D521A8B00DCCA8F /* Products */,
			);
			sourceTree = "<group>";
		};
		A75976501D521A8B00DCCA8F /* Products */ = {
			isa = PBXGroup;
			children = (
				A759764F1D521A8B00DCCA8F /* Demo.app */,
			);
			name = Products;
			sourceTree = "<group>";
		};
		A75976511D521A8B00DCCA8F /* Demo */ = {
			isa = PBXGroup;
			children = (
				A75976641D521AB600DCCA8F /* ScrollMenu */,
				A75976521D521A8B00DCCA8F /* AppDelegate.swift */,
				A75976541D521A8B00DCCA8F /* ViewController.swift */,
				A75976561D521A8B00DCCA8F /* Main.storyboard */,
				A75976591D521A8B00DCCA8F /* Assets.xcassets */,
				A759765B1D521A8B00DCCA8F /* LaunchScreen.storyboard */,
				A759765E1D521A8B00DCCA8F /* Info.plist */,
			);
			path = Demo;
			sourceTree = "<group>";
		};
		A75976641D521AB600DCCA8F /* ScrollMenu */ = {
			isa = PBXGroup;
			children = (
				A75976651D521AC600DCCA8F /* Menu.swift */,
				A75976661D521AC600DCCA8F /* MenuView.swift */,
				A75976671D521AC600DCCA8F /* ScrollMenu.swift */,
			);
			name = ScrollMenu;
			sourceTree = "<group>";
		};
/* End PBXGroup section */

/* Begin PBXNativeTarget section */
		A759764E1D521A8B00DCCA8F /* Demo */ = {
			isa = PBXNativeTarget;
			buildConfigurationList = A75976611D521A8B00DCCA8F /* Build configuration list for PBXNativeTarget "Demo" */;
			buildPhases = (
				A759764B1D521A8B00DCCA8F /* Sources */,
				A759764C1D521A8B00DCCA8F /* Frameworks */,
				A759764D1D521A8B00DCCA8F /* Resources */,
			);
			buildRules = (
			);
			dependencies = (
			);
			name = Demo;
			productName = Demo;
			productReference = A759764F1D521A8B00DCCA8F /* Demo.app */;
			productType = "com.apple.product-type.application";
		};
/* End PBXNativeTarget section */

/* Begin PBXProject section */
		A75976471D521A8B00DCCA8F /* Project object */ = {
			isa = PBXProject;
			attributes = {
				LastSwiftUpdateCheck = 0730;
				LastUpgradeCheck = 0730;
				ORGANIZATIONNAME = "swift-studying.com";
				TargetAttributes = {
					A759764E1D521A8B00DCCA8F = {
						CreatedOnToolsVersion = 7.3;
					};
				};
			};
			buildConfigurationList = A759764A1D521A8B00DCCA8F /* Build configuration list for PBXProject "Demo" */;
			compatibilityVersion = "Xcode 3.2";
			developmentRegion = English;
			hasScannedForEncodings = 0;
			knownRegions = (
				en,
				Base,
			);
			mainGroup = A75976461D521A8B00DCCA8F;
			productRefGroup = A75976501D521A8B00DCCA8F /* Products */;
			projectDirPath = "";
			projectRoot = "";
			targets = (
				A759764E1D521A8B00DCCA8F /* Demo */,
			);
		};
/* End PBXProject section */

/* Begin PBXResourcesBuildPhase section */
		A759764D1D521A8B00DCCA8F /* Resources */ = {
			isa = PBXResourcesBuildPhase;
			buildActionMask = 2147483647;
			files = (
				A759765D1D521A8B00DCCA8F /* LaunchScreen.storyboard in Resources */,
				A759765A1D521A8B00DCCA8F /* Assets.xcassets in Resources */,
				A75976581D521A8B00DCCA8F /* Main.storyboard in Resources */,
			);
			runOnlyForDeploymentPostprocessing = 0;
		};
/* End PBXResourcesBuildPhase section */

/* Begin PBXSourcesBuildPhase section */
		A759764B1D521A8B00DCCA8F /* Sources */ = {
			isa = PBXSourcesBuildPhase;
			buildActionMask = 2147483647;
			files = (
				A75976681D521AC600DCCA8F /* Menu.swift in Sources */,
				A759766A1D521AC600DCCA8F /* ScrollMenu.swift in Sources */,
				A75976691D521AC600DCCA8F /* MenuView.swift in Sources */,
				A75976551D521A8B00DCCA8F /* ViewController.swift in Sources */,
				A75976531D521A8B00DCCA8F /* AppDelegate.swift in Sources */,
			);
			runOnlyForDeploymentPostprocessing = 0;
		};
/* End PBXSourcesBuildPhase section */

/* Begin PBXVariantGroup section */
		A75976561D521A8B00DCCA8F /* Main.storyboard */ = {
			isa = PBXVariantGroup;
			children = (
				A75976571D521A8B00DCCA8F /* Base */,
			);
			name = Main.storyboard;
			sourceTree = "<group>";
		};
		A759765B1D521A8B00DCCA8F /* LaunchScreen.storyboard */ = {
			isa = PBXVariantGroup;
			children = (
				A759765C1D521A8B00DCCA8F /* Base */,
			);
			name = LaunchScreen.storyboard;
			sourceTree = "<group>";
		};
/* End PBXVariantGroup section */

/* Begin XCBuildConfiguration section */
		A759765F1D521A8B00DCCA8F /* Debug */ = {
			isa = XCBuildConfiguration;
			buildSettings = {
				ALWAYS_SEARCH_USER_PATHS = NO;
				CLANG_ANALYZER_NONNULL = YES;
				CLANG_CXX_LANGUAGE_STANDARD = "gnu++0x";
				CLANG_CXX_LIBRARY = "libc++";
				CLANG_ENABLE_MODULES = YES;
				CLANG_ENABLE_OBJC_ARC = YES;
				CLANG_WARN_BOOL_CONVERSION = YES;
				CLANG_WARN_CONSTANT_CONVERSION = YES;
				CLANG_WARN_DIRECT_OBJC_ISA_USAGE = YES_ERROR;
				CLANG_WARN_EMPTY_BODY = YES;
				CLANG_WARN_ENUM_CONVERSION = YES;
				CLANG_WARN_INT_CONVERSION = YES;
				CLANG_WARN_OBJC_ROOT_CLASS = YES_ERROR;
				CLANG_WARN_UNREACHABLE_CODE = YES;
				CLANG_WARN__DUPLICATE_METHOD_MATCH = YES;
				"CODE_SIGN_IDENTITY[sdk=iphoneos*]" = "iPhone Developer";
				COPY_PHASE_STRIP = NO;
				DEBUG_INFORMATION_FORMAT = dwarf;
				ENABLE_STRICT_OBJC_MSGSEND = YES;
				ENABLE_TESTABILITY = YES;
				GCC_C_LANGUAGE_STANDARD = gnu99;
				GCC_DYNAMIC_NO_PIC = NO;
				GCC_NO_COMMON_BLOCKS = YES;
				GCC_OPTIMIZATION_LEVEL = 0;
				GCC_PREPROCESSOR_DEFINITIONS = (
					"DEBUG=1",
					"$(inherited)",
				);
				GCC_WARN_64_TO_32_BIT_CONVERSION = YES;
				GCC_WARN_ABOUT_RETURN_TYPE = YES_ERROR;
				GCC_WARN_UNDECLARED_SELECTOR = YES;
				GCC_WARN_UNINITIALIZED_AUTOS = YES_AGGRESSIVE;
				GCC_WARN_UNUSED_FUNCTION = YES;
				GCC_WARN_UNUSED_VARIABLE = YES;
				IPHONEOS_DEPLOYMENT_TARGET = 9.3;
				MTL_ENABLE_DEBUG_INFO = YES;
				ONLY_ACTIVE_ARCH = YES;
				SDKROOT = iphoneos;
				SWIFT_OPTIMIZATION_LEVEL = "-Onone";
				TARGETED_DEVICE_FAMILY = "1,2";
			};
			name = Debug;
		};
		A75976601D521A8B00DCCA8F /* Release */ = {
			isa = XCBuildConfiguration;
			buildSettings = {
				ALWAYS_SEARCH_USER_PATHS = NO;
				CLANG_ANALYZER_NONNULL = YES;
				CLANG_CXX_LANGUAGE_STANDARD = "gnu++0x";
				CLANG_CXX_LIBRARY = "libc++";
				CLANG_ENABLE_MODULES = YES;
				CLANG_ENABLE_OBJC_ARC = YES;
				CLANG_WARN_BOOL_CONVERSION = YES;
				CLANG_WARN_CONSTANT_CONVERSION = YES;
				CLANG_WARN_DIRECT_OBJC_ISA_USAGE = YES_ERROR;
				CLANG_WARN_EMPTY_BODY = YES;
				CLANG_WARN_ENUM_CONVERSION = YES;
				CLANG_WARN_INT_CONVERSION = YES;
				CLANG_WARN_OBJC_ROOT_CLASS = YES_ERROR;
				CLANG_WARN_UNREACHABLE_CODE = YES;
				CLANG_WARN__DUPLICATE_METHOD_MATCH = YES;
				"CODE_SIGN_IDENTITY[sdk=iphoneos*]" = "iPhone Developer";
				COPY_PHASE_STRIP = NO;
				DEBUG_INFORMATION_FORMAT = "dwarf-with-dsym";
				ENABLE_NS_ASSERTIONS = NO;
				ENABLE_STRICT_OBJC_MSGSEND = YES;
				GCC_C_LANGUAGE_STANDARD = gnu99;
				GCC_NO_COMMON_BLOCKS = YES;
				GCC_WARN_64_TO_32_BIT_CONVERSION = YES;
				GCC_WARN_ABOUT_RETURN_TYPE = YES_ERROR;
				GCC_WARN_UNDECLARED_SELECTOR = YES;
				GCC_WARN_UNINITIALIZED_AUTOS = YES_AGGRESSIVE;
				GCC_WARN_UNUSED_FUNCTION = YES;
				GCC_WARN_UNUSED_VARIABLE = YES;
				IPHONEOS_DEPLOYMENT_TARGET = 9.3;
				MTL_ENABLE_DEBUG_INFO = NO;
				SDKROOT = iphoneos;
				TARGETED_DEVICE_FAMILY = "1,2";
				VALIDATE_PRODUCT = YES;
			};
			name = Release;
		};
		A75976621D521A8B00DCCA8F /* Debug */ = {
			isa = XCBuildConfiguration;
			buildSettings = {
				ASSETCATALOG_COMPILER_APPICON_NAME = AppIcon;
				INFOPLIST_FILE = Demo/Info.plist;
				LD_RUNPATH_SEARCH_PATHS = "$(inherited) @executable_path/Frameworks";
				PRODUCT_BUNDLE_IDENTIFIER = "com.swift-studying.Demo";
				PRODUCT_NAME = "$(TARGET_NAME)";
			};
			name = Debug;
		};
		A75976631D521A8B00DCCA8F /* Release */ = {
			isa = XCBuildConfiguration;
			buildSettings = {
				ASSETCATALOG_COMPILER_APPICON_NAME = AppIcon;
				INFOPLIST_FILE = Demo/Info.plist;
				LD_RUNPATH_SEARCH_PATHS = "$(inherited) @executable_path/Frameworks";
				PRODUCT_BUNDLE_IDENTIFIER = "com.swift-studying.Demo";
				PRODUCT_NAME = "$(TARGET_NAME)";
			};
			name = Release;
		};
/* End XCBuildConfiguration section */

/* Begin XCConfigurationList section */
		A759764A1D521A8B00DCCA8F /* Build configuration list for PBXProject "Demo" */ = {
			isa = XCConfigurationList;
			buildConfigurations = (
				A759765F1D521A8B00DCCA8F /* Debug */,
				A75976601D521A8B00DCCA8F /* Release */,
			);
			defaultConfigurationIsVisible = 0;
			defaultConfigurationName = Release;
		};
		A75976611D521A8B00DCCA8F /* Build configuration list for PBXNativeTarget "Demo" */ = {
			isa = XCConfigurationList;
			buildConfigurations = (
				A75976621D521A8B00DCCA8F /* Debug */,
				A75976631D521A8B00DCCA8F /* Release */,
			);
			defaultConfigurationIsVisible = 0;
		};
/* End XCConfigurationList section */
	};
	rootObject = A75976471D521A8B00DCCA8F /* Project object */;
}
